// !$*UTF8*$!
{
	archiveVersion = 1;
	classes = {
	};
	objectVersion = 46;
	objects = {

/* Begin PBXBuildFile section */
		E719B8A01A139494009917E4 /* main.m in Sources */ = {isa = PBXBuildFile; fileRef = E719B89F1A139494009917E4 /* main.m */; };
		E719B8A31A139494009917E4 /* AppDelegate.m in Sources */ = {isa = PBXBuildFile; fileRef = E719B8A21A139494009917E4 /* AppDelegate.m */; };
		E719B8A61A139494009917E4 /* TestAppSiva.xcdatamodeld in Sources */ = {isa = PBXBuildFile; fileRef = E719B8A41A139494009917E4 /* TestAppSiva.xcdatamodeld */; };
		E719B8A91A139494009917E4 /* ViewController.m in Sources */ = {isa = PBXBuildFile; fileRef = E719B8A81A139494009917E4 /* ViewController.m */; };
		E719B8AC1A139494009917E4 /* Main.storyboard in Resources */ = {isa = PBXBuildFile; fileRef = E719B8AA1A139494009917E4 /* Main.storyboard */; };
		E719B8AE1A139494009917E4 /* Images.xcassets in Resources */ = {isa = PBXBuildFile; fileRef = E719B8AD1A139494009917E4 /* Images.xcassets */; };
		E719B8B11A139494009917E4 /* LaunchScreen.xib in Resources */ = {isa = PBXBuildFile; fileRef = E719B8AF1A139494009917E4 /* LaunchScreen.xib */; };
		E719B8BD1A139494009917E4 /* TestAppSivaTests.m in Sources */ = {isa = PBXBuildFile; fileRef = E719B8BC1A139494009917E4 /* TestAppSivaTests.m */; };
/* End PBXBuildFile section */

/* Begin PBXContainerItemProxy section */
		E719B8B71A139494009917E4 /* PBXContainerItemProxy */ = {
			isa = PBXContainerItemProxy;
			containerPortal = E719B8921A139493009917E4 /* Project object */;
			proxyType = 1;
			remoteGlobalIDString = E719B8991A139494009917E4;
			remoteInfo = TestAppSiva;
		};
/* End PBXContainerItemProxy section */

/* Begin PBXFileReference section */
		E719B89A1A139494009917E4 /* TestAppSiva.app */ = {isa = PBXFileReference; explicitFileType = wrapper.application; includeInIndex = 0; path = TestAppSiva.app; sourceTree = BUILT_PRODUCTS_DIR; };
		E719B89E1A139494009917E4 /* Info.plist */ = {isa = PBXFileReference; lastKnownFileType = text.plist.xml; path = Info.plist; sourceTree = "<group>"; };
		E719B89F1A139494009917E4 /* main.m */ = {isa = PBXFileReference; lastKnownFileType = sourcecode.c.objc; path = main.m; sourceTree = "<group>"; };
		E719B8A11A139494009917E4 /* AppDelegate.h */ = {isa = PBXFileReference; lastKnownFileType = sourcecode.c.h; path = AppDelegate.h; sourceTree = "<group>"; };
		E719B8A21A139494009917E4 /* AppDelegate.m */ = {isa = PBXFileReference; lastKnownFileType = sourcecode.c.objc; path = AppDelegate.m; sourceTree = "<group>"; };
		E719B8A51A139494009917E4 /* TestAppSiva.xcdatamodel */ = {isa = PBXFileReference; lastKnownFileType = wrapper.xcdatamodel; path = TestAppSiva.xcdatamodel; sourceTree = "<group>"; };
		E719B8A71A139494009917E4 /* ViewController.h */ = {isa = PBXFileReference; lastKnownFileType = sourcecode.c.h; path = ViewController.h; sourceTree = "<group>"; };
		E719B8A81A139494009917E4 /* ViewController.m */ = {isa = PBXFileReference; lastKnownFileType = sourcecode.c.objc; path = ViewController.m; sourceTree = "<group>"; };
		E719B8AB1A139494009917E4 /* Base */ = {isa = PBXFileReference; lastKnownFileType = file.storyboard; name = Base; path = Base.lproj/Main.storyboard; sourceTree = "<group>"; };
		E719B8AD1A139494009917E4 /* Images.xcassets */ = {isa = PBXFileReference; lastKnownFileType = folder.assetcatalog; path = Images.xcassets; sourceTree = "<group>"; };
		E719B8B01A139494009917E4 /* Base */ = {isa = PBXFileReference; lastKnownFileType = file.xib; name = Base; path = Base.lproj/LaunchScreen.xib; sourceTree = "<group>"; };
		E719B8B61A139494009917E4 /* TestAppSivaTests.xctest */ = {isa = PBXFileReference; explicitFileType = wrapper.cfbundle; includeInIndex = 0; path = TestAppSivaTests.xctest; sourceTree = BUILT_PRODUCTS_DIR; };
		E719B8BB1A139494009917E4 /* Info.plist */ = {isa = PBXFileReference; lastKnownFileType = text.plist.xml; path = Info.plist; sourceTree = "<group>"; };
		E719B8BC1A139494009917E4 /* TestAppSivaTests.m */ = {isa = PBXFileReference; lastKnownFileType = sourcecode.c.objc; path = TestAppSivaTests.m; sourceTree = "<group>"; };
/* End PBXFileReference section */

/* Begin PBXFrameworksBuildPhase section */
		E719B8971A139494009917E4 /* Frameworks */ = {
			isa = PBXFrameworksBuildPhase;
			buildActionMask = 2147483647;
			files = (
			);
			runOnlyForDeploymentPostprocessing = 0;
		};
		E719B8B31A139494009917E4 /* Frameworks */ = {
			isa = PBXFrameworksBuildPhase;
			buildActionMask = 2147483647;
			files = (
			);
			runOnlyForDeploymentPostprocessing = 0;
		};
/* End PBXFrameworksBuildPhase section */

/* Begin PBXGroup section */
		E719B8911A139493009917E4 = {
			isa = PBXGroup;
			children = (
				E719B89C1A139494009917E4 /* TestAppSiva */,
				E719B8B91A139494009917E4 /* TestAppSivaTests */,
				E719B89B1A139494009917E4 /* Products */,
			);
			sourceTree = "<group>";
		};
		E719B89B1A139494009917E4 /* Products */ = {
			isa = PBXGroup;
			children = (
				E719B89A1A139494009917E4 /* TestAppSiva.app */,
				E719B8B61A139494009917E4 /* TestAppSivaTests.xctest */,
			);
			name = Products;
			sourceTree = "<group>";
		};
		E719B89C1A139494009917E4 /* TestAppSiva */ = {
			isa = PBXGroup;
			children = (
				E719B8A11A139494009917E4 /* AppDelegate.h */,
				E719B8A21A139494009917E4 /* AppDelegate.m */,
				E719B8A71A139494009917E4 /* ViewController.h */,
				E719B8A81A139494009917E4 /* ViewController.m */,
				E719B8AA1A139494009917E4 /* Main.storyboard */,
				E719B8AD1A139494009917E4 /* Images.xcassets */,
				E719B8AF1A139494009917E4 /* LaunchScreen.xib */,
				E719B8A41A139494009917E4 /* TestAppSiva.xcdatamodeld */,
				E719B89D1A139494009917E4 /* Supporting Files */,
			);
			path = TestAppSiva;
			sourceTree = "<group>";
		};
		E719B89D1A139494009917E4 /* Supporting Files */ = {
			isa = PBXGroup;
			children = (
				E719B89E1A139494009917E4 /* Info.plist */,
				E719B89F1A139494009917E4 /* main.m */,
			);
			name = "Supporting Files";
			sourceTree = "<group>";
		};
		E719B8B91A139494009917E4 /* TestAppSivaTests */ = {
			isa = PBXGroup;
			children = (
				E719B8BC1A139494009917E4 /* TestAppSivaTests.m */,
				E719B8BA1A139494009917E4 /* Supporting Files */,
			);
			path = TestAppSivaTests;
			sourceTree = "<group>";
		};
		E719B8BA1A139494009917E4 /* Supporting Files */ = {
			isa = PBXGroup;
			children = (
				E719B8BB1A139494009917E4 /* Info.plist */,
			);
			name = "Supporting Files";
			sourceTree = "<group>";
		};
/* End PBXGroup section */

/* Begin PBXNativeTarget section */
		E719B8991A139494009917E4 /* TestAppSiva */ = {
			isa = PBXNativeTarget;
			buildConfigurationList = E719B8C01A139494009917E4 /* Build configuration list for PBXNativeTarget "TestAppSiva" */;
			buildPhases = (
				E719B8961A139494009917E4 /* Sources */,
				E719B8971A139494009917E4 /* Frameworks */,
				E719B8981A139494009917E4 /* Resources */,
			);
			buildRules = (
			);
			dependencies = (
			);
			name = TestAppSiva;
			productName = TestAppSiva;
			productReference = E719B89A1A139494009917E4 /* TestAppSiva.app */;
			productType = "com.apple.product-type.application";
		};
		E719B8B51A139494009917E4 /* TestAppSivaTests */ = {
			isa = PBXNativeTarget;
			buildConfigurationList = E719B8C31A139494009917E4 /* Build configuration list for PBXNativeTarget "TestAppSivaTests" */;
			buildPhases = (
				E719B8B21A139494009917E4 /* Sources */,
				E719B8B31A139494009917E4 /* Frameworks */,
				E719B8B41A139494009917E4 /* Resources */,
			);
			buildRules = (
			);
			dependencies = (
				E719B8B81A139494009917E4 /* PBXTargetDependency */,
			);
			name = TestAppSivaTests;
			productName = TestAppSivaTests;
			productReference = E719B8B61A139494009917E4 /* TestAppSivaTests.xctest */;
			productType = "com.apple.product-type.bundle.unit-test";
		};
/* End PBXNativeTarget section */

/* Begin PBXProject section */
		E719B8921A139493009917E4 /* Project object */ = {
			isa = PBXProject;
			attributes = {
				LastUpgradeCheck = 0600;
				ORGANIZATIONNAME = CSS;
				TargetAttributes = {
					E719B8991A139494009917E4 = {
						CreatedOnToolsVersion = 6.0.1;
					};
					E719B8B51A139494009917E4 = {
						CreatedOnToolsVersion = 6.0.1;
						TestTargetID = E719B8991A139494009917E4;
					};
				};
			};
			buildConfigurationList = E719B8951A139493009917E4 /* Build configuration list for PBXProject "TestAppSiva" */;
			compatibilityVersion = "Xcode 3.2";
			developmentRegion = English;
			hasScannedForEncodings = 0;
			knownRegions = (
				en,
				Base,
			);
			mainGroup = E719B8911A139493009917E4;
			productRefGroup = E719B89B1A139494009917E4 /* Products */;
			projectDirPath = "";
			projectRoot = "";
			targets = (
				E719B8991A139494009917E4 /* TestAppSiva */,
				E719B8B51A139494009917E4 /* TestAppSivaTests */,
			);
		};
/* End PBXProject section */

/* Begin PBXResourcesBuildPhase section */
		E719B8981A139494009917E4 /* Resources */ = {
			isa = PBXResourcesBuildPhase;
			buildActionMask = 2147483647;
			files = (
				E719B8AC1A139494009917E4 /* Main.storyboard in Resources */,
				E719B8B11A139494009917E4 /* LaunchScreen.xib in Resources */,
				E719B8AE1A139494009917E4 /* Images.xcassets in Resources */,
			);
			runOnlyForDeploymentPostprocessing = 0;
		};
		E719B8B41A139494009917E4 /* Resources */ = {
			isa = PBXResourcesBuildPhase;
			buildActionMask = 2147483647;
			files = (
			);
			runOnlyForDeploymentPostprocessing = 0;
		};
/* End PBXResourcesBuildPhase section */

/* Begin PBXSourcesBuildPhase section */
		E719B8961A139494009917E4 /* Sources */ = {
			isa = PBXSourcesBuildPhase;
			buildActionMask = 2147483647;
			files = (
				E719B8A31A139494009917E4 /* AppDelegate.m in Sources */,
				E719B8A01A139494009917E4 /* main.m in Sources */,
				E719B8A91A139494009917E4 /* ViewController.m in Sources */,
				E719B8A61A139494009917E4 /* TestAppSiva.xcdatamodeld in Sources */,
			);
			runOnlyForDeploymentPostprocessing = 0;
		};
		E719B8B21A139494009917E4 /* Sources */ = {
			isa = PBXSourcesBuildPhase;
			buildActionMask = 2147483647;
			files = (
				E719B8BD1A139494009917E4 /* TestAppSivaTests.m in Sources */,
			);
			runOnlyForDeploymentPostprocessing = 0;
		};
/* End PBXSourcesBuildPhase section */

/* Begin PBXTargetDependency section */
		E719B8B81A139494009917E4 /* PBXTargetDependency */ = {
			isa = PBXTargetDependency;
			target = E719B8991A139494009917E4 /* TestAppSiva */;
			targetProxy = E719B8B71A139494009917E4 /* PBXContainerItemProxy */;
		};
/* End PBXTargetDependency section */

/* Begin PBXVariantGroup section */
		E719B8AA1A139494009917E4 /* Main.storyboard */ = {
			isa = PBXVariantGroup;
			children = (
				E719B8AB1A139494009917E4 /* Base */,
			);
			name = Main.storyboard;
			sourceTree = "<group>";
		};
		E719B8AF1A139494009917E4 /* LaunchScreen.xib */ = {
			isa = PBXVariantGroup;
			children = (
				E719B8B01A139494009917E4 /* Base */,
			);
			name = LaunchScreen.xib;
			sourceTree = "<group>";
		};
/* End PBXVariantGroup section */

/* Begin XCBuildConfiguration section */
		E719B8BE1A139494009917E4 /* Debug */ = {
			isa = XCBuildConfiguration;
			buildSettings = {
				ALWAYS_SEARCH_USER_PATHS = NO;
				CLANG_CXX_LANGUAGE_STANDARD = "gnu++0x";
				CLANG_CXX_LIBRARY = "libc++";
				CLANG_ENABLE_MODULES = YES;
				CLANG_ENABLE_OBJC_ARC = YES;
				CLANG_WARN_BOOL_CONVERSION = YES;
				CLANG_WARN_CONSTANT_CONVERSION = YES;
				CLANG_WARN_DIRECT_OBJC_ISA_USAGE = YES_ERROR;
				CLANG_WARN_EMPTY_BODY = YES;
				CLANG_WARN_ENUM_CONVERSION = YES;
				CLANG_WARN_INT_CONVERSION = YES;
				CLANG_WARN_OBJC_ROOT_CLASS = YES_ERROR;
				CLANG_WARN_UNREACHABLE_CODE = YES;
				CLANG_WARN__DUPLICATE_METHOD_MATCH = YES;
				"CODE_SIGN_IDENTITY[sdk=iphoneos*]" = "iPhone Developer";
				COPY_PHASE_STRIP = NO;
				ENABLE_STRICT_OBJC_MSGSEND = YES;
				GCC_C_LANGUAGE_STANDARD = gnu99;
				GCC_DYNAMIC_NO_PIC = NO;
				GCC_OPTIMIZATION_LEVEL = 0;
				GCC_PREPROCESSOR_DEFINITIONS = (
					"DEBUG=1",
					"$(inherited)",
				);
				GCC_SYMBOLS_PRIVATE_EXTERN = NO;
				GCC_WARN_64_TO_32_BIT_CONVERSION = YES;
				GCC_WARN_ABOUT_RETURN_TYPE = YES_ERROR;
				GCC_WARN_UNDECLARED_SELECTOR = YES;
				GCC_WARN_UNINITIALIZED_AUTOS = YES_AGGRESSIVE;
				GCC_WARN_UNUSED_FUNCTION = YES;
				GCC_WARN_UNUSED_VARIABLE = YES;
				IPHONEOS_DEPLOYMENT_TARGET = 8.0;
				MTL_ENABLE_DEBUG_INFO = YES;
				ONLY_ACTIVE_ARCH = YES;
				SDKROOT = iphoneos;
				TARGETED_DEVICE_FAMILY = "1,2";
			};
			name = Debug;
		};
		E719B8BF1A139494009917E4 /* Release */ = {
			isa = XCBuildConfiguration;
			buildSettings = {
				ALWAYS_SEARCH_USER_PATHS = NO;
				CLANG_CXX_LANGUAGE_STANDARD = "gnu++0x";
				CLANG_CXX_LIBRARY = "libc++";
				CLANG_ENABLE_MODULES = YES;
				CLANG_ENABLE_OBJC_ARC = YES;
				CLANG_WARN_BOOL_CONVERSION = YES;
				CLANG_WARN_CONSTANT_CONVERSION = YES;
				CLANG_WARN_DIRECT_OBJC_ISA_USAGE = YES_ERROR;
				CLANG_WARN_EMPTY_BODY = YES;
				CLANG_WARN_ENUM_CONVERSION = YES;
				CLANG_WARN_INT_CONVERSION = YES;
				CLANG_WARN_OBJC_ROOT_CLASS = YES_ERROR;
				CLANG_WARN_UNREACHABLE_CODE = YES;
				CLANG_WARN__DUPLICATE_METHOD_MATCH = YES;
				"CODE_SIGN_IDENTITY[sdk=iphoneos*]" = "iPhone Developer";
				COPY_PHASE_STRIP = YES;
				ENABLE_NS_ASSERTIONS = NO;
				ENABLE_STRICT_OBJC_MSGSEND = YES;
				GCC_C_LANGUAGE_STANDARD = gnu99;
				GCC_WARN_64_TO_32_BIT_CONVERSION = YES;
				GCC_WARN_ABOUT_RETURN_TYPE = YES_ERROR;
				GCC_WARN_UNDECLARED_SELECTOR = YES;
				GCC_WARN_UNINITIALIZED_AUTOS = YES_AGGRESSIVE;
				GCC_WARN_UNUSED_FUNCTION = YES;
				GCC_WARN_UNUSED_VARIABLE = YES;
				IPHONEOS_DEPLOYMENT_TARGET = 8.0;
				MTL_ENABLE_DEBUG_INFO = NO;
				SDKROOT = iphoneos;
				TARGETED_DEVICE_FAMILY = "1,2";
				VALIDATE_PRODUCT = YES;
			};
			name = Release;
		};
		E719B8C11A139494009917E4 /* Debug */ = {
			isa = XCBuildConfiguration;
			buildSettings = {
				ASSETCATALOG_COMPILER_APPICON_NAME = AppIcon;
				INFOPLIST_FILE = TestAppSiva/Info.plist;
				LD_RUNPATH_SEARCH_PATHS = "$(inherited) @executable_path/Frameworks";
				PRODUCT_NAME = "$(TARGET_NAME)";
			};
			name = Debug;
		};
		E719B8C21A139494009917E4 /* Release */ = {
			isa = XCBuildConfiguration;
			buildSettings = {
				ASSETCATALOG_COMPILER_APPICON_NAME = AppIcon;
				INFOPLIST_FILE = TestAppSiva/Info.plist;
				LD_RUNPATH_SEARCH_PATHS = "$(inherited) @executable_path/Frameworks";
				PRODUCT_NAME = "$(TARGET_NAME)";
			};
			name = Release;
		};
		E719B8C41A139494009917E4 /* Debug */ = {
			isa = XCBuildConfiguration;
			buildSettings = {
				BUNDLE_LOADER = "$(TEST_HOST)";
				FRAMEWORK_SEARCH_PATHS = (
					"$(SDKROOT)/Developer/Library/Frameworks",
					"$(inherited)",
				);
				GCC_PREPROCESSOR_DEFINITIONS = (
					"DEBUG=1",
					"$(inherited)",
				);
				INFOPLIST_FILE = TestAppSivaTests/Info.plist;
				LD_RUNPATH_SEARCH_PATHS = "$(inherited) @executable_path/Frameworks @loader_path/Frameworks";
				PRODUCT_NAME = "$(TARGET_NAME)";
				TEST_HOST = "$(BUILT_PRODUCTS_DIR)/TestAppSiva.app/TestAppSiva";
			};
			name = Debug;
		};
		E719B8C51A139494009917E4 /* Release */ = {
			isa = XCBuildConfiguration;
			buildSettings = {
				BUNDLE_LOADER = "$(TEST_HOST)";
				FRAMEWORK_SEARCH_PATHS = (
					"$(SDKROOT)/Developer/Library/Frameworks",
					"$(inherited)",
				);
				INFOPLIST_FILE = TestAppSivaTests/Info.plist;
				LD_RUNPATH_SEARCH_PATHS = "$(inherited) @executable_path/Frameworks @loader_path/Frameworks";
				PRODUCT_NAME = "$(TARGET_NAME)";
				TEST_HOST = "$(BUILT_PRODUCTS_DIR)/TestAppSiva.app/TestAppSiva";
			};
			name = Release;
		};
/* End XCBuildConfiguration section */

/* Begin XCConfigurationList section */
		E719B8951A139493009917E4 /* Build configuration list for PBXProject "TestAppSiva" */ = {
			isa = XCConfigurationList;
			buildConfigurations = (
				E719B8BE1A139494009917E4 /* Debug */,
				E719B8BF1A139494009917E4 /* Release */,
			);
			defaultConfigurationIsVisible = 0;
			defaultConfigurationName = Release;
		};
		E719B8C01A139494009917E4 /* Build configuration list for PBXNativeTarget "TestAppSiva" */ = {
			isa = XCConfigurationList;
			buildConfigurations = (
				E719B8C11A139494009917E4 /* Debug */,
				E719B8C21A139494009917E4 /* Release */,
			);
			defaultConfigurationIsVisible = 0;
		};
		E719B8C31A139494009917E4 /* Build configuration list for PBXNativeTarget "TestAppSivaTests" */ = {
			isa = XCConfigurationList;
			buildConfigurations = (
				E719B8C41A139494009917E4 /* Debug */,
				E719B8C51A139494009917E4 /* Release */,
			);
			defaultConfigurationIsVisible = 0;
		};
/* End XCConfigurationList section */

/* Begin XCVersionGroup section */
		E719B8A41A139494009917E4 /* TestAppSiva.xcdatamodeld */ = {
			isa = XCVersionGroup;
			children = (
				E719B8A51A139494009917E4 /* TestAppSiva.xcdatamodel */,
			);
			currentVersion = E719B8A51A139494009917E4 /* TestAppSiva.xcdatamodel */;
			path = TestAppSiva.xcdatamodeld;
			sourceTree = "<group>";
			versionGroupType = wrapper.xcdatamodel;
		};
/* End XCVersionGroup section */
	};
	rootObject = E719B8921A139493009917E4 /* Project object */;
}
